
Microsoft Visual Studio Solution File, Format Version 12.00
# Visual Studio Version 17
VisualStudioVersion = 17.2.32505.173
MinimumVisualStudioVersion = 10.0.40219.1
Project("{9A19103F-16F7-4668-BE54-9A1E7A4F7556}") = "BullOak.Repositories.EventStore", "BullOak.Repositories.EventStore\BullOak.Repositories.EventStore.csproj", "{4223C90A-73A2-4234-A240-10349B62C09C}"
EndProject
Project("{9A19103F-16F7-4668-BE54-9A1E7A4F7556}") = "BullOak.Repositories.EventStore.Test.Integration", "BullOak.Repositories.EventStore.Test.Integration\BullOak.Repositories.EventStore.Test.Integration.csproj", "{FC55EB9E-4CBB-4A0E-BBDF-1E022B7679C1}"
EndProject
Project("{2150E333-8FDC-42A3-9474-1A3956D46DE8}") = "Test", "Test", "{ACD302AF-8190-4A7B-8888-48D7ECCC4829}"
EndProject
Project("{9A19103F-16F7-4668-BE54-9A1E7A4F7556}") = "BullOak.Repositories.EventStore.Test.Unit", "BullOak.Repositories.EventStore.Test.Unit\BullOak.Repositories.EventStore.Test.Unit.csproj", "{E4A24EAC-FED4-4ECC-B5E0-C083E82C2792}"
EndProject
Project("{9A19103F-16F7-4668-BE54-9A1E7A4F7556}") = "BullOak.Repositories.EventStore.ConsoleTestEventStoreClient", "BullOak.Repositories.EventStore.ConsoleTestEventStoreClient\BullOak.Repositories.EventStore.ConsoleTestEventStoreClient.csproj", "{896680DA-C076-403E-B117-3FEF57A919FE}"
EndProject
Project("{9A19103F-16F7-4668-BE54-9A1E7A4F7556}") = "BullOak.Repositories.EventStore.TestingExtras", "BullOak.Repositories.EventStore.TestingExtras\BullOak.Repositories.EventStore.TestingExtras.csproj", "{C06585E1-718E-45D5-991D-E9B8ABD07FA9}"
EndProject
Project("{2150E333-8FDC-42A3-9474-1A3956D46DE8}") = "Solution Items", "Solution Items", "{C396DBC5-B973-4E0A-83A9-509801AFE85E}"
EndProject
Project("{2150E333-8FDC-42A3-9474-1A3956D46DE8}") = "Build scripts", "Build scripts", "{130AEC62-DF94-4C8B-90F3-89CEC4BBFD75}"
	ProjectSection(SolutionItems) = preProject
		..\.github\workflows\build-on-push.yml = ..\.github\workflows\build-on-push.yml
		..\.github\workflows\build-pr.yml = ..\.github\workflows\build-pr.yml
		..\.github\workflows\build-version-tag.yml = ..\.github\workflows\build-version-tag.yml
	EndProjectSection
EndProject
Project("{FAE04EC0-301F-11D3-BF4B-00C04F79EFBC}") = "Benchmark", "Benchmark\Benchmark.csproj", "{4A347281-E257-458A-91A4-9254EA8039EC}"
EndProject
Global
	GlobalSection(SolutionConfigurationPlatforms) = preSolution
		Debug|Any CPU = Debug|Any CPU
		Release|Any CPU = Release|Any CPU
	EndGlobalSection
	GlobalSection(ProjectConfigurationPlatforms) = postSolution
		{4223C90A-73A2-4234-A240-10349B62C09C}.Debug|Any CPU.ActiveCfg = Debug|Any CPU
		{4223C90A-73A2-4234-A240-10349B62C09C}.Debug|Any CPU.Build.0 = Debug|Any CPU
		{4223C90A-73A2-4234-A240-10349B62C09C}.Release|Any CPU.ActiveCfg = Release|Any CPU
		{4223C90A-73A2-4234-A240-10349B62C09C}.Release|Any CPU.Build.0 = Release|Any CPU
		{FC55EB9E-4CBB-4A0E-BBDF-1E022B7679C1}.Debug|Any CPU.ActiveCfg = Debug|Any CPU
		{FC55EB9E-4CBB-4A0E-BBDF-1E022B7679C1}.Debug|Any CPU.Build.0 = Debug|Any CPU
		{FC55EB9E-4CBB-4A0E-BBDF-1E022B7679C1}.Release|Any CPU.ActiveCfg = Release|Any CPU
		{FC55EB9E-4CBB-4A0E-BBDF-1E022B7679C1}.Release|Any CPU.Build.0 = Release|Any CPU
		{E4A24EAC-FED4-4ECC-B5E0-C083E82C2792}.Debug|Any CPU.ActiveCfg = Debug|Any CPU
		{E4A24EAC-FED4-4ECC-B5E0-C083E82C2792}.Debug|Any CPU.Build.0 = Debug|Any CPU
		{E4A24EAC-FED4-4ECC-B5E0-C083E82C2792}.Release|Any CPU.ActiveCfg = Release|Any CPU
		{E4A24EAC-FED4-4ECC-B5E0-C083E82C2792}.Release|Any CPU.Build.0 = Release|Any CPU
		{896680DA-C076-403E-B117-3FEF57A919FE}.Debug|Any CPU.ActiveCfg = Debug|Any CPU
		{896680DA-C076-403E-B117-3FEF57A919FE}.Debug|Any CPU.Build.0 = Debug|Any CPU
		{896680DA-C076-403E-B117-3FEF57A919FE}.Release|Any CPU.ActiveCfg = Release|Any CPU
		{896680DA-C076-403E-B117-3FEF57A919FE}.Release|Any CPU.Build.0 = Release|Any CPU
		{C06585E1-718E-45D5-991D-E9B8ABD07FA9}.Debug|Any CPU.ActiveCfg = Debug|Any CPU
		{C06585E1-718E-45D5-991D-E9B8ABD07FA9}.Debug|Any CPU.Build.0 = Debug|Any CPU
		{C06585E1-718E-45D5-991D-E9B8ABD07FA9}.Release|Any CPU.ActiveCfg = Release|Any CPU
		{C06585E1-718E-45D5-991D-E9B8ABD07FA9}.Release|Any CPU.Build.0 = Release|Any CPU
		{4A347281-E257-458A-91A4-9254EA8039EC}.Debug|Any CPU.ActiveCfg = Debug|Any CPU
		{4A347281-E257-458A-91A4-9254EA8039EC}.Debug|Any CPU.Build.0 = Debug|Any CPU
		{4A347281-E257-458A-91A4-9254EA8039EC}.Release|Any CPU.ActiveCfg = Release|Any CPU
		{4A347281-E257-458A-91A4-9254EA8039EC}.Release|Any CPU.Build.0 = Release|Any CPU
	EndGlobalSection
	GlobalSection(SolutionProperties) = preSolution
		HideSolutionNode = FALSE
	EndGlobalSection
	GlobalSection(NestedProjects) = preSolution
		{FC55EB9E-4CBB-4A0E-BBDF-1E022B7679C1} = {ACD302AF-8190-4A7B-8888-48D7ECCC4829}
		{E4A24EAC-FED4-4ECC-B5E0-C083E82C2792} = {ACD302AF-8190-4A7B-8888-48D7ECCC4829}
		{896680DA-C076-403E-B117-3FEF57A919FE} = {ACD302AF-8190-4A7B-8888-48D7ECCC4829}
		{C06585E1-718E-45D5-991D-E9B8ABD07FA9} = {ACD302AF-8190-4A7B-8888-48D7ECCC4829}
		{130AEC62-DF94-4C8B-90F3-89CEC4BBFD75} = {C396DBC5-B973-4E0A-83A9-509801AFE85E}
		{4A347281-E257-458A-91A4-9254EA8039EC} = {ACD302AF-8190-4A7B-8888-48D7ECCC4829}
	EndGlobalSection
	GlobalSection(ExtensibilityGlobals) = postSolution
		SolutionGuid = {9FEF1659-166B-4856-B77C-3ABF38899EEB}
	EndGlobalSection
EndGlobal
